
Microsoft Visual Studio Solution File, Format Version 12.00
Project("{FAE04EC0-301F-11D3-BF4B-00C04F79EFBC}") = "FlashGps", "FlashGps.csproj", "{00A6B197-0E0C-4917-859A-1CFBD7DFE12A}"
EndProject
Global
	GlobalSection(SolutionConfigurationPlatforms) = preSolution
		Debug|Any CPU = Debug|Any CPU
		Release|Any CPU = Release|Any CPU
	EndGlobalSection
	GlobalSection(ProjectConfigurationPlatforms) = postSolution
		{00A6B197-0E0C-4917-859A-1CFBD7DFE12A}.Debug|Any CPU.ActiveCfg = Debug|Any CPU
		{00A6B197-0E0C-4917-859A-1CFBD7DFE12A}.Debug|Any CPU.Build.0 = Debug|Any CPU
		{00A6B197-0E0C-4917-859A-1CFBD7DFE12A}.Release|Any CPU.ActiveCfg = Release|Any CPU
		{00A6B197-0E0C-4917-859A-1CFBD7DFE12A}.Release|Any CPU.Build.0 = Release|Any CPU
	EndGlobalSection
EndGlobal
